
Microsoft Visual Studio Solution File, Format Version 12.00
# Visual Studio Version 17
VisualStudioVersion = 17.8.34309.116
MinimumVisualStudioVersion = 10.0.40219.1
Project("{2150E333-8FDC-42A3-9474-1A3956D46DE8}") = "src", "src", "{FA79A187-6739-435C-A2C4-86DF13D88A8D}"
EndProject
Project("{2150E333-8FDC-42A3-9474-1A3956D46DE8}") = "GoF", "GoF", "{58BA7C8B-27F7-4006-A407-7996B18C8C13}"
EndProject
Project("{2150E333-8FDC-42A3-9474-1A3956D46DE8}") = "Behavioral", "Behavioral", "{AD336F57-45B5-4200-BFDF-A6BF87568791}"
EndProject
Project("{2150E333-8FDC-42A3-9474-1A3956D46DE8}") = "Memento", "Memento", "{412D68D2-728B-4E6C-8FD6-8A3EDC66F269}"
EndProject
Project("{2150E333-8FDC-42A3-9474-1A3956D46DE8}") = "1-Problem", "1-Problem", "{219AD095-72C1-4686-973B-278F9EE0AB98}"
EndProject
Project("{2150E333-8FDC-42A3-9474-1A3956D46DE8}") = "2-Solution", "2-Solution", "{B0201DA9-E154-4286-9A81-1F49462CA0E7}"
EndProject
Project("{2150E333-8FDC-42A3-9474-1A3956D46DE8}") = "3-RefactoredSolution", "3-RefactoredSolution", "{FFFF7D18-776E-416A-B5AF-0F845416F021}"
EndProject
Project("{9A19103F-16F7-4668-BE54-9A1E7A4F7556}") = "MementoProblem", "src\GoF\Behavioral\Memento\1-Problem\MementoProblem.csproj", "{C3CFDFEA-BDE0-40F9-89AA-12C888AA1D1C}"
EndProject
Project("{9A19103F-16F7-4668-BE54-9A1E7A4F7556}") = "MementoSolution", "src\GoF\Behavioral\Memento\2-Solution\MementoSolution\MementoSolution.csproj", "{BD347007-9D9B-4CDF-8E17-91A65CE556C6}"
EndProject
Project("{9A19103F-16F7-4668-BE54-9A1E7A4F7556}") = "RefactoredSolution", "src\GoF\Behavioral\Memento\3-RefactoredSolution\RefactoredSolution\RefactoredSolution.csproj", "{64A143EE-4F0D-4DA4-8F9A-99E98A2D1D60}"
EndProject
Global
	GlobalSection(SolutionConfigurationPlatforms) = preSolution
		Debug|Any CPU = Debug|Any CPU
		Release|Any CPU = Release|Any CPU
	EndGlobalSection
	GlobalSection(ProjectConfigurationPlatforms) = postSolution
		{C3CFDFEA-BDE0-40F9-89AA-12C888AA1D1C}.Debug|Any CPU.ActiveCfg = Debug|Any CPU
		{C3CFDFEA-BDE0-40F9-89AA-12C888AA1D1C}.Debug|Any CPU.Build.0 = Debug|Any CPU
		{C3CFDFEA-BDE0-40F9-89AA-12C888AA1D1C}.Release|Any CPU.ActiveCfg = Release|Any CPU
		{C3CFDFEA-BDE0-40F9-89AA-12C888AA1D1C}.Release|Any CPU.Build.0 = Release|Any CPU
		{BD347007-9D9B-4CDF-8E17-91A65CE556C6}.Debug|Any CPU.ActiveCfg = Debug|Any CPU
		{BD347007-9D9B-4CDF-8E17-91A65CE556C6}.Debug|Any CPU.Build.0 = Debug|Any CPU
		{BD347007-9D9B-4CDF-8E17-91A65CE556C6}.Release|Any CPU.ActiveCfg = Release|Any CPU
		{BD347007-9D9B-4CDF-8E17-91A65CE556C6}.Release|Any CPU.Build.0 = Release|Any CPU
		{64A143EE-4F0D-4DA4-8F9A-99E98A2D1D60}.Debug|Any CPU.ActiveCfg = Debug|Any CPU
		{64A143EE-4F0D-4DA4-8F9A-99E98A2D1D60}.Debug|Any CPU.Build.0 = Debug|Any CPU
		{64A143EE-4F0D-4DA4-8F9A-99E98A2D1D60}.Release|Any CPU.ActiveCfg = Release|Any CPU
		{64A143EE-4F0D-4DA4-8F9A-99E98A2D1D60}.Release|Any CPU.Build.0 = Release|Any CPU
	EndGlobalSection
	GlobalSection(SolutionProperties) = preSolution
		HideSolutionNode = FALSE
	EndGlobalSection
	GlobalSection(NestedProjects) = preSolution
		{58BA7C8B-27F7-4006-A407-7996B18C8C13} = {FA79A187-6739-435C-A2C4-86DF13D88A8D}
		{AD336F57-45B5-4200-BFDF-A6BF87568791} = {58BA7C8B-27F7-4006-A407-7996B18C8C13}
		{412D68D2-728B-4E6C-8FD6-8A3EDC66F269} = {AD336F57-45B5-4200-BFDF-A6BF87568791}
		{219AD095-72C1-4686-973B-278F9EE0AB98} = {412D68D2-728B-4E6C-8FD6-8A3EDC66F269}
		{B0201DA9-E154-4286-9A81-1F49462CA0E7} = {412D68D2-728B-4E6C-8FD6-8A3EDC66F269}
		{FFFF7D18-776E-416A-B5AF-0F845416F021} = {412D68D2-728B-4E6C-8FD6-8A3EDC66F269}
		{C3CFDFEA-BDE0-40F9-89AA-12C888AA1D1C} = {219AD095-72C1-4686-973B-278F9EE0AB98}
		{BD347007-9D9B-4CDF-8E17-91A65CE556C6} = {B0201DA9-E154-4286-9A81-1F49462CA0E7}
		{64A143EE-4F0D-4DA4-8F9A-99E98A2D1D60} = {FFFF7D18-776E-416A-B5AF-0F845416F021}
	EndGlobalSection
	GlobalSection(ExtensibilityGlobals) = postSolution
		SolutionGuid = {E64B071B-080C-42DF-AE6A-1D16D5BB36FB}
	EndGlobalSection
EndGlobal
