
Microsoft Visual Studio Solution File, Format Version 12.00
# Visual Studio Version 17
VisualStudioVersion = 17.8.34309.116
MinimumVisualStudioVersion = 10.0.40219.1
Project("{2150E333-8FDC-42A3-9474-1A3956D46DE8}") = "src", "src", "{FA79A187-6739-435C-A2C4-86DF13D88A8D}"
EndProject
Project("{2150E333-8FDC-42A3-9474-1A3956D46DE8}") = "GoF", "GoF", "{58BA7C8B-27F7-4006-A407-7996B18C8C13}"
EndProject
Project("{2150E333-8FDC-42A3-9474-1A3956D46DE8}") = "Behavioral", "Behavioral", "{AD336F57-45B5-4200-BFDF-A6BF87568791}"
EndProject
Project("{2150E333-8FDC-42A3-9474-1A3956D46DE8}") = "01-Memento", "01-Memento", "{412D68D2-728B-4E6C-8FD6-8A3EDC66F269}"
EndProject
Project("{2150E333-8FDC-42A3-9474-1A3956D46DE8}") = "1-Problem", "1-Problem", "{219AD095-72C1-4686-973B-278F9EE0AB98}"
EndProject
Project("{2150E333-8FDC-42A3-9474-1A3956D46DE8}") = "2-Solution", "2-Solution", "{B0201DA9-E154-4286-9A81-1F49462CA0E7}"
EndProject
Project("{2150E333-8FDC-42A3-9474-1A3956D46DE8}") = "3-RefactoredSolution", "3-RefactoredSolution", "{FFFF7D18-776E-416A-B5AF-0F845416F021}"
EndProject
Project("{FAE04EC0-301F-11D3-BF4B-00C04F79EFBC}") = "MementoSolution", "src\GoF\Behavioral\01-Memento\2-Solution\MementoSolution\MementoSolution.csproj", "{0A65BADA-C649-4B7A-9292-CED5386AC7D3}"
EndProject
Project("{FAE04EC0-301F-11D3-BF4B-00C04F79EFBC}") = "RefactoredSolution", "src\GoF\Behavioral\01-Memento\3-RefactoredSolution\RefactoredSolution\RefactoredSolution.csproj", "{0C586CDD-1973-4EB5-8F06-A55BF276EF53}"
EndProject
Project("{FAE04EC0-301F-11D3-BF4B-00C04F79EFBC}") = "MementoProblem", "src\GoF\Behavioral\01-Memento\1-Problem\MementoProblem.csproj", "{779127F3-0042-4E90-B454-D450CAB73A87}"
EndProject
Global
	GlobalSection(SolutionConfigurationPlatforms) = preSolution
		Debug|Any CPU = Debug|Any CPU
		Release|Any CPU = Release|Any CPU
	EndGlobalSection
	GlobalSection(ProjectConfigurationPlatforms) = postSolution
		{0A65BADA-C649-4B7A-9292-CED5386AC7D3}.Debug|Any CPU.ActiveCfg = Debug|Any CPU
		{0A65BADA-C649-4B7A-9292-CED5386AC7D3}.Debug|Any CPU.Build.0 = Debug|Any CPU
		{0A65BADA-C649-4B7A-9292-CED5386AC7D3}.Release|Any CPU.ActiveCfg = Release|Any CPU
		{0A65BADA-C649-4B7A-9292-CED5386AC7D3}.Release|Any CPU.Build.0 = Release|Any CPU
		{0C586CDD-1973-4EB5-8F06-A55BF276EF53}.Debug|Any CPU.ActiveCfg = Debug|Any CPU
		{0C586CDD-1973-4EB5-8F06-A55BF276EF53}.Debug|Any CPU.Build.0 = Debug|Any CPU
		{0C586CDD-1973-4EB5-8F06-A55BF276EF53}.Release|Any CPU.ActiveCfg = Release|Any CPU
		{0C586CDD-1973-4EB5-8F06-A55BF276EF53}.Release|Any CPU.Build.0 = Release|Any CPU
		{779127F3-0042-4E90-B454-D450CAB73A87}.Debug|Any CPU.ActiveCfg = Debug|Any CPU
		{779127F3-0042-4E90-B454-D450CAB73A87}.Debug|Any CPU.Build.0 = Debug|Any CPU
		{779127F3-0042-4E90-B454-D450CAB73A87}.Release|Any CPU.ActiveCfg = Release|Any CPU
		{779127F3-0042-4E90-B454-D450CAB73A87}.Release|Any CPU.Build.0 = Release|Any CPU
	EndGlobalSection
	GlobalSection(SolutionProperties) = preSolution
		HideSolutionNode = FALSE
	EndGlobalSection
	GlobalSection(NestedProjects) = preSolution
		{58BA7C8B-27F7-4006-A407-7996B18C8C13} = {FA79A187-6739-435C-A2C4-86DF13D88A8D}
		{AD336F57-45B5-4200-BFDF-A6BF87568791} = {58BA7C8B-27F7-4006-A407-7996B18C8C13}
		{412D68D2-728B-4E6C-8FD6-8A3EDC66F269} = {AD336F57-45B5-4200-BFDF-A6BF87568791}
		{219AD095-72C1-4686-973B-278F9EE0AB98} = {412D68D2-728B-4E6C-8FD6-8A3EDC66F269}
		{B0201DA9-E154-4286-9A81-1F49462CA0E7} = {412D68D2-728B-4E6C-8FD6-8A3EDC66F269}
		{FFFF7D18-776E-416A-B5AF-0F845416F021} = {412D68D2-728B-4E6C-8FD6-8A3EDC66F269}
		{0A65BADA-C649-4B7A-9292-CED5386AC7D3} = {B0201DA9-E154-4286-9A81-1F49462CA0E7}
		{0C586CDD-1973-4EB5-8F06-A55BF276EF53} = {FFFF7D18-776E-416A-B5AF-0F845416F021}
		{779127F3-0042-4E90-B454-D450CAB73A87} = {219AD095-72C1-4686-973B-278F9EE0AB98}
	EndGlobalSection
	GlobalSection(ExtensibilityGlobals) = postSolution
		SolutionGuid = {E64B071B-080C-42DF-AE6A-1D16D5BB36FB}
	EndGlobalSection
EndGlobal
